
Microsoft Visual Studio Solution File, Format Version 12.00
# Visual Studio 2013
VisualStudioVersion = 12.0.40629.0
MinimumVisualStudioVersion = 10.0.40219.1
Project("{8BC9CEB8-8B4A-11D0-8D11-00A0C91BC942}") = "SWProgrammingCompetencyTest1", "SWProgrammingCompetencyTest1\SWProgrammingCompetencyTest1.vcxproj", "{6F7E1B00-0252-46BD-8611-35395E9FC224}"
EndProject
Project("{8BC9CEB8-8B4A-11D0-8D11-00A0C91BC942}") = "SWProgrammingCompetencyTest2", "SWProgrammingCompetencyTest2\SWProgrammingCompetencyTest2.vcxproj", "{ECB928E8-A7A6-4DC9-8BDC-8D8FB49FC70B}"
EndProject
Project("{8BC9CEB8-8B4A-11D0-8D11-00A0C91BC942}") = "SWProgrammingCompetencyTest3", "SWProgrammingCompetencyTest3\SWProgrammingCompetencyTest3.vcxproj", "{9033B476-B629-48DF-8B38-118DD58FE5CF}"
EndProject
Project("{8BC9CEB8-8B4A-11D0-8D11-00A0C91BC942}") = "SWProgrammingCompetencyTest4", "SWProgrammingCompetencyTest4\SWProgrammingCompetencyTest4.vcxproj", "{B0D6BEDD-7B21-42E9-AAB7-95AF211BBB46}"
EndProject
Project("{8BC9CEB8-8B4A-11D0-8D11-00A0C91BC942}") = "SWProgrammingCompetencyTest5", "SWProgrammingCompetencyTest5\SWProgrammingCompetencyTest5.vcxproj", "{A2DDC159-4772-4BA8-B74E-1F52F7B2E5DA}"
EndProject
Project("{8BC9CEB8-8B4A-11D0-8D11-00A0C91BC942}") = "SWProgrammingCompetencyTest6", "SWProgrammingCompetencyTest6\SWProgrammingCompetencyTest6.vcxproj", "{D7456CE4-1634-4212-9FA8-F968265E87A8}"
EndProject
Global
	GlobalSection(SolutionConfigurationPlatforms) = preSolution
		Debug|Win32 = Debug|Win32
		Release|Win32 = Release|Win32
	EndGlobalSection
	GlobalSection(ProjectConfigurationPlatforms) = postSolution
		{6F7E1B00-0252-46BD-8611-35395E9FC224}.Debug|Win32.ActiveCfg = Debug|Win32
		{6F7E1B00-0252-46BD-8611-35395E9FC224}.Debug|Win32.Build.0 = Debug|Win32
		{6F7E1B00-0252-46BD-8611-35395E9FC224}.Release|Win32.ActiveCfg = Release|Win32
		{6F7E1B00-0252-46BD-8611-35395E9FC224}.Release|Win32.Build.0 = Release|Win32
		{ECB928E8-A7A6-4DC9-8BDC-8D8FB49FC70B}.Debug|Win32.ActiveCfg = Debug|Win32
		{ECB928E8-A7A6-4DC9-8BDC-8D8FB49FC70B}.Debug|Win32.Build.0 = Debug|Win32
		{ECB928E8-A7A6-4DC9-8BDC-8D8FB49FC70B}.Release|Win32.ActiveCfg = Release|Win32
		{ECB928E8-A7A6-4DC9-8BDC-8D8FB49FC70B}.Release|Win32.Build.0 = Release|Win32
		{9033B476-B629-48DF-8B38-118DD58FE5CF}.Debug|Win32.ActiveCfg = Debug|Win32
		{9033B476-B629-48DF-8B38-118DD58FE5CF}.Debug|Win32.Build.0 = Debug|Win32
		{9033B476-B629-48DF-8B38-118DD58FE5CF}.Release|Win32.ActiveCfg = Release|Win32
		{9033B476-B629-48DF-8B38-118DD58FE5CF}.Release|Win32.Build.0 = Release|Win32
		{B0D6BEDD-7B21-42E9-AAB7-95AF211BBB46}.Debug|Win32.ActiveCfg = Debug|Win32
		{B0D6BEDD-7B21-42E9-AAB7-95AF211BBB46}.Debug|Win32.Build.0 = Debug|Win32
		{B0D6BEDD-7B21-42E9-AAB7-95AF211BBB46}.Release|Win32.ActiveCfg = Release|Win32
		{B0D6BEDD-7B21-42E9-AAB7-95AF211BBB46}.Release|Win32.Build.0 = Release|Win32
		{A2DDC159-4772-4BA8-B74E-1F52F7B2E5DA}.Debug|Win32.ActiveCfg = Debug|Win32
		{A2DDC159-4772-4BA8-B74E-1F52F7B2E5DA}.Debug|Win32.Build.0 = Debug|Win32
		{A2DDC159-4772-4BA8-B74E-1F52F7B2E5DA}.Release|Win32.ActiveCfg = Release|Win32
		{A2DDC159-4772-4BA8-B74E-1F52F7B2E5DA}.Release|Win32.Build.0 = Release|Win32
		{D7456CE4-1634-4212-9FA8-F968265E87A8}.Debug|Win32.ActiveCfg = Debug|Win32
		{D7456CE4-1634-4212-9FA8-F968265E87A8}.Debug|Win32.Build.0 = Debug|Win32
		{D7456CE4-1634-4212-9FA8-F968265E87A8}.Release|Win32.ActiveCfg = Release|Win32
		{D7456CE4-1634-4212-9FA8-F968265E87A8}.Release|Win32.Build.0 = Release|Win32
	EndGlobalSection
	GlobalSection(SolutionProperties) = preSolution
		HideSolutionNode = FALSE
	EndGlobalSection
EndGlobal
